
Microsoft Visual Studio Solution File, Format Version 12.00
# Visual Studio Version 16
VisualStudioVersion = 16.0.31321.278
MinimumVisualStudioVersion = 10.0.40219.1
Project("{FAE04EC0-301F-11D3-BF4B-00C04F79EFBC}") = "Mas_Projekt_Koniec2", "Mas_Projekt_Koniec2\Mas_Projekt_Koniec2.csproj", "{86E61482-05BC-4368-B2D1-8F1E66E17727}"
EndProject
Global
	GlobalSection(SolutionConfigurationPlatforms) = preSolution
		Debug|Any CPU = Debug|Any CPU
		Release|Any CPU = Release|Any CPU
	EndGlobalSection
	GlobalSection(ProjectConfigurationPlatforms) = postSolution
		{86E61482-05BC-4368-B2D1-8F1E66E17727}.Debug|Any CPU.ActiveCfg = Debug|Any CPU
		{86E61482-05BC-4368-B2D1-8F1E66E17727}.Debug|Any CPU.Build.0 = Debug|Any CPU
		{86E61482-05BC-4368-B2D1-8F1E66E17727}.Release|Any CPU.ActiveCfg = Release|Any CPU
		{86E61482-05BC-4368-B2D1-8F1E66E17727}.Release|Any CPU.Build.0 = Release|Any CPU
	EndGlobalSection
	GlobalSection(SolutionProperties) = preSolution
		HideSolutionNode = FALSE
	EndGlobalSection
	GlobalSection(ExtensibilityGlobals) = postSolution
		SolutionGuid = {79EE0FC6-4015-4622-8164-083BA309D0A9}
	EndGlobalSection
EndGlobal
